{
    "name": "dark-vue-theme",
    "version": "0.0.6969",
    "lockfileVersion": 3,
    "requires": true,
    "packages": {
        "": {
            "name": "dark-vue-theme",
            "version": "0.0.6969",
            "engines": {
                "vscode": "^1.36.0"
            }
        }
    }
}
